{
  "R": {
    "Version": "4.2.3",
    "Repositories": [
      {
        "Name": "BioCsoft",
        "URL": "https://bioconductor.org/packages/3.12/bioc"
      },
      {
        "Name": "BioCann",
        "URL": "https://bioconductor.org/packages/3.12/data/annotation"
      },
      {
        "Name": "BioCexp",
        "URL": "https://bioconductor.org/packages/3.12/data/experiment"
      },
      {
        "Name": "BioCworkflows",
        "URL": "https://bioconductor.org/packages/3.12/workflows"
      },
      {
        "Name": "BioCbooks",
        "URL": "https://bioconductor.org/packages/3.12/books"
      },
      {
        "Name": "CRAN",
        "URL": "https://cran.rstudio.com"
      }
    ]
  },
  "Bioconductor": {
    "Version": "3.12"
  },
  "Packages": {
    "BH": {
      "Package": "BH",
      "Version": "1.81.0-1",
      "Source": "Repository",
      "Repository": "CRAN",
      "Hash": "68122010f01c4dcfbe58ce7112f2433d"
    },
    "BiocGenerics": {
      "Package": "BiocGenerics",
      "Version": "0.44.0",
      "Source": "Bioconductor",
      "Requirements": [
        "R",
        "graphics",
        "methods",
        "stats",
        "utils"
      ],
      "Hash": "0de19224c2cd94f48fbc0d0bc663ce3b"
    },
    "BiocManager": {
      "Package": "BiocManager",
      "Version": "1.30.22",
      "Source": "Repository",
      "Repository": "CRAN",
      "Requirements": [
        "utils"
      ],
      "Hash": "d57e43105a1aa9cb54fdb4629725acb1"
    },
    "BiocParallel": {
      "Package": "BiocParallel",
      "Version": "1.32.6",
      "Source": "Bioconductor",
      "Requirements": [
        "BH",
        "R",
        "codetools",
        "cpp11",
        "futile.logger",
        "methods",
        "parallel",
        "snow",
        "stats",
        "utils"
      ],
      "Hash": "bcdac842fb312bb25f9f82bc141889e5"
    },
    "BiocVersion": {
      "Package": "BiocVersion",
      "Version": "3.16.0",
      "Source": "Bioconductor",
      "Requirements": [
        "R"
      ],
      "Hash": "44c5824508b9a10e52dbb505c34fa880"
    },
    "Biostrings": {
      "Package": "Biostrings",
      "Version": "2.66.0",
      "Source": "Bioconductor",
      "Requirements": [
        "BiocGenerics",
        "GenomeInfoDb",
        "IRanges",
        "R",
        "S4Vectors",
        "XVector",
        "crayon",
        "grDevices",
        "graphics",
        "methods",
        "stats",
        "utils"
      ],
      "Hash": "5666d0758c6dea426c81b3f644c28eaf"
    },
    "GenomeInfoDb": {
      "Package": "GenomeInfoDb",
      "Version": "1.34.9",
      "Source": "Bioconductor",
      "Requirements": [
        "BiocGenerics",
        "GenomeInfoDbData",
        "IRanges",
        "R",
        "RCurl",
        "S4Vectors",
        "methods",
        "stats",
        "stats4",
        "utils"
      ],
      "Hash": "c8adcafcf06ec6681c35eafa837c69bb"
    },
    "GenomeInfoDbData": {
      "Package": "GenomeInfoDbData",
      "Version": "1.2.9",
      "Source": "Bioconductor",
      "Requirements": [
        "R"
      ],
      "Hash": "618b1efac0f8b8c130afac3e0eafd47c"
    },
    "GenomicRanges": {
      "Package": "GenomicRanges",
      "Version": "1.50.2",
      "Source": "Bioconductor",
      "Requirements": [
        "BiocGenerics",
        "GenomeInfoDb",
        "IRanges",
        "R",
        "S4Vectors",
        "XVector",
        "methods",
        "stats",
        "stats4",
        "utils"
      ],
      "Hash": "24a5b855811e94b5bd9365a11fe5b2a8"
    },
    "IRanges": {
      "Package": "IRanges",
      "Version": "2.32.0",
      "Source": "Bioconductor",
      "Requirements": [
        "BiocGenerics",
        "R",
        "S4Vectors",
        "methods",
        "stats",
        "stats4",
        "utils"
      ],
      "Hash": "c4d63bc50829c9d3ac6d4500bea17b06"
    },
    "Matrix": {
      "Package": "Matrix",
      "Version": "1.6-3",
      "Source": "Repository",
      "Repository": "CRAN",
      "Requirements": [
        "R",
        "grDevices",
        "graphics",
        "grid",
        "lattice",
        "methods",
        "stats",
        "utils"
      ],
      "Hash": "1d1b6901cf9b6b1b446bc56a7d47efa4"
    },
    "R6": {
      "Package": "R6",
      "Version": "2.5.1",
      "Source": "Repository",
      "Repository": "CRAN",
      "Requirements": [
        "R"
      ],
      "Hash": "470851b6d5d0ac559e9d01bb352b4021"
    },
    "RCurl": {
      "Package": "RCurl",
      "Version": "1.98-1.13",
      "Source": "Repository",
      "Repository": "CRAN",
      "Requirements": [
        "R",
        "bitops",
        "methods"
      ],
      "Hash": "318c7b8d68358b45cbc6115dda23d7db"
    },
    "Rhtslib": {
      "Package": "Rhtslib",
      "Version": "2.0.0",
      "Source": "Bioconductor",
      "Requirements": [
        "zlibbioc"
      ],
      "Hash": "068989f864b5abd94588d587e06e85bf"
    },
    "Rsamtools": {
      "Package": "Rsamtools",
      "Version": "2.14.0",
      "Source": "Bioconductor",
      "Requirements": [
        "BiocGenerics",
        "BiocParallel",
        "Biostrings",
        "GenomeInfoDb",
        "GenomicRanges",
        "IRanges",
        "R",
        "Rhtslib",
        "S4Vectors",
        "XVector",
        "bitops",
        "methods",
        "stats",
        "utils",
        "zlibbioc"
      ],
      "Hash": "7bdb3648f3c94545ddaea548fbb253ff"
    },
    "S4Vectors": {
      "Package": "S4Vectors",
      "Version": "0.36.2",
      "Source": "Bioconductor",
      "Requirements": [
        "BiocGenerics",
        "R",
        "methods",
        "stats",
        "stats4",
        "utils"
      ],
      "Hash": "8f371bac4b09106b66aeff10b85bd933"
    },
    "XVector": {
      "Package": "XVector",
      "Version": "0.38.0",
      "Source": "Bioconductor",
      "Requirements": [
        "BiocGenerics",
        "IRanges",
        "R",
        "S4Vectors",
        "methods",
        "tools",
        "utils",
        "zlibbioc"
      ],
      "Hash": "83b80e46ac75044bc7516d0dc8116165"
    },
    "askpass": {
      "Package": "askpass",
      "Version": "1.2.0",
      "Source": "Repository",
      "Repository": "CRAN",
      "Requirements": [
        "sys"
      ],
      "Hash": "cad6cf7f1d5f6e906700b9d3e718c796"
    },
    "base64enc": {
      "Package": "base64enc",
      "Version": "0.1-3",
      "Source": "Repository",
      "Repository": "CRAN",
      "Requirements": [
        "R"
      ],
      "Hash": "543776ae6848fde2f48ff3816d0628bc"
    },
    "bitops": {
      "Package": "bitops",
      "Version": "1.0-7",
      "Source": "Repository",
      "Repository": "CRAN",
      "Hash": "b7d8d8ee39869c18d8846a184dd8a1af"
    },
    "brio": {
      "Package": "brio",
      "Version": "1.1.3",
      "Source": "Repository",
      "Repository": "CRAN",
      "Hash": "976cf154dfb043c012d87cddd8bca363"
    },
    "bslib": {
      "Package": "bslib",
      "Version": "0.5.1",
      "Source": "Repository",
      "Repository": "CRAN",
      "Requirements": [
        "R",
        "base64enc",
        "cachem",
        "grDevices",
        "htmltools",
        "jquerylib",
        "jsonlite",
        "memoise",
        "mime",
        "rlang",
        "sass"
      ],
      "Hash": "283015ddfbb9d7bf15ea9f0b5698f0d9"
    },
    "cachem": {
      "Package": "cachem",
      "Version": "1.0.8",
      "Source": "Repository",
      "Repository": "CRAN",
      "Requirements": [
        "fastmap",
        "rlang"
      ],
      "Hash": "c35768291560ce302c0a6589f92e837d"
    },
    "callr": {
      "Package": "callr",
      "Version": "3.7.3",
      "Source": "Repository",
      "Repository": "CRAN",
      "Requirements": [
        "R",
        "R6",
        "processx",
        "utils"
      ],
      "Hash": "9b2191ede20fa29828139b9900922e51"
    },
    "cli": {
      "Package": "cli",
      "Version": "3.6.1",
      "Source": "Repository",
      "Repository": "CRAN",
      "Requirements": [
        "R",
        "utils"
      ],
      "Hash": "89e6d8219950eac806ae0c489052048a"
    },
    "codetools": {
      "Package": "codetools",
      "Version": "0.2-19",
      "Source": "Repository",
      "Repository": "CRAN",
      "Requirements": [
        "R"
      ],
      "Hash": "c089a619a7fae175d149d89164f8c7d8"
    },
    "cpp11": {
      "Package": "cpp11",
      "Version": "0.4.6",
      "Source": "Repository",
      "Repository": "CRAN",
      "Requirements": [
        "R"
      ],
      "Hash": "707fae4bbf73697ec8d85f9d7076c061"
    },
    "crayon": {
      "Package": "crayon",
      "Version": "1.5.2",
      "Source": "Repository",
      "Repository": "CRAN",
      "Requirements": [
        "grDevices",
        "methods",
        "utils"
      ],
      "Hash": "e8a1e41acf02548751f45c718d55aa6a"
    },
    "curl": {
      "Package": "curl",
      "Version": "5.1.0",
      "Source": "Repository",
      "Repository": "CRAN",
      "Requirements": [
        "R"
      ],
      "Hash": "9123f3ef96a2c1a93927d828b2fe7d4c"
    },
    "data.table": {
      "Package": "data.table",
      "Version": "1.14.8",
      "Source": "Repository",
      "Repository": "CRAN",
      "Requirements": [
        "R",
        "methods"
      ],
      "Hash": "b4c06e554f33344e044ccd7fdca750a9"
    },
    "desc": {
      "Package": "desc",
      "Version": "1.4.2",
      "Source": "Repository",
      "Repository": "CRAN",
      "Requirements": [
        "R",
        "R6",
        "cli",
        "rprojroot",
        "utils"
      ],
      "Hash": "6b9602c7ebbe87101a9c8edb6e8b6d21"
    },
    "digest": {
      "Package": "digest",
      "Version": "0.6.33",
      "Source": "Repository",
      "Repository": "CRAN",
      "Requirements": [
        "R",
        "utils"
      ],
      "Hash": "b18a9cf3c003977b0cc49d5e76ebe48d"
    },
    "downlit": {
      "Package": "downlit",
      "Version": "0.4.3",
      "Source": "Repository",
      "Repository": "CRAN",
      "Requirements": [
        "R",
        "brio",
        "desc",
        "digest",
        "evaluate",
        "fansi",
        "memoise",
        "rlang",
        "vctrs",
        "withr",
        "yaml"
      ],
      "Hash": "14fa1f248b60ed67e1f5418391a17b14"
    },
    "dplyr": {
      "Package": "dplyr",
      "Version": "1.1.3",
      "Source": "Repository",
      "Repository": "CRAN",
      "Requirements": [
        "R",
        "R6",
        "cli",
        "generics",
        "glue",
        "lifecycle",
        "magrittr",
        "methods",
        "pillar",
        "rlang",
        "tibble",
        "tidyselect",
        "utils",
        "vctrs"
      ],
      "Hash": "e85ffbebaad5f70e1a2e2ef4302b4949"
    },
    "ellipsis": {
      "Package": "ellipsis",
      "Version": "0.3.2",
      "Source": "Repository",
      "Repository": "CRAN",
      "Requirements": [
        "R",
        "rlang"
      ],
      "Hash": "bb0eec2fe32e88d9e2836c2f73ea2077"
    },
    "evaluate": {
      "Package": "evaluate",
      "Version": "0.23",
      "Source": "Repository",
      "Repository": "CRAN",
      "Requirements": [
        "R",
        "methods"
      ],
      "Hash": "daf4a1246be12c1fa8c7705a0935c1a0"
    },
    "fansi": {
      "Package": "fansi",
      "Version": "1.0.5",
      "Source": "Repository",
      "Repository": "CRAN",
      "Requirements": [
        "R",
        "grDevices",
        "utils"
      ],
      "Hash": "3e8583a60163b4bc1a80016e63b9959e"
    },
    "fastmap": {
      "Package": "fastmap",
      "Version": "1.1.1",
      "Source": "Repository",
      "Repository": "CRAN",
      "Hash": "f7736a18de97dea803bde0a2daaafb27"
    },
    "fontawesome": {
      "Package": "fontawesome",
      "Version": "0.5.2",
      "Source": "Repository",
      "Repository": "CRAN",
      "Requirements": [
        "R",
        "htmltools",
        "rlang"
      ],
      "Hash": "c2efdd5f0bcd1ea861c2d4e2a883a67d"
    },
    "formatR": {
      "Package": "formatR",
      "Version": "1.14",
      "Source": "Repository",
      "Repository": "CRAN",
      "Requirements": [
        "R"
      ],
      "Hash": "63cb26d12517c7863f5abb006c5e0f25"
    },
    "fs": {
      "Package": "fs",
      "Version": "1.6.3",
      "Source": "Repository",
      "Repository": "CRAN",
      "Requirements": [
        "R",
        "methods"
      ],
      "Hash": "47b5f30c720c23999b913a1a635cf0bb"
    },
    "futile.logger": {
      "Package": "futile.logger",
      "Version": "1.4.3",
      "Source": "Repository",
      "Repository": "CRAN",
      "Requirements": [
        "R",
        "futile.options",
        "lambda.r",
        "utils"
      ],
      "Hash": "99f0ace8c05ec7d3683d27083c4f1e7e"
    },
    "futile.options": {
      "Package": "futile.options",
      "Version": "1.0.1",
      "Source": "Repository",
      "Repository": "CRAN",
      "Requirements": [
        "R"
      ],
      "Hash": "0d9bf02413ddc2bbe8da9ce369dcdd2b"
    },
    "generics": {
      "Package": "generics",
      "Version": "0.1.3",
      "Source": "Repository",
      "Repository": "CRAN",
      "Requirements": [
        "R",
        "methods"
      ],
      "Hash": "15e9634c0fcd294799e9b2e929ed1b86"
    },
    "glue": {
      "Package": "glue",
      "Version": "1.6.2",
      "Source": "Repository",
      "Repository": "CRAN",
      "Requirements": [
        "R",
        "methods"
      ],
      "Hash": "4f2596dfb05dac67b9dc558e5c6fba2e"
    },
    "highr": {
      "Package": "highr",
      "Version": "0.10",
      "Source": "Repository",
      "Repository": "CRAN",
      "Requirements": [
        "R",
        "xfun"
      ],
      "Hash": "06230136b2d2b9ba5805e1963fa6e890"
    },
    "hms": {
      "Package": "hms",
      "Version": "1.1.3",
      "Source": "Repository",
      "Repository": "CRAN",
      "Requirements": [
        "lifecycle",
        "methods",
        "pkgconfig",
        "rlang",
        "vctrs"
      ],
      "Hash": "b59377caa7ed00fa41808342002138f9"
    },
    "htmltools": {
      "Package": "htmltools",
      "Version": "0.5.7",
      "Source": "Repository",
      "Repository": "CRAN",
      "Requirements": [
        "R",
        "base64enc",
        "digest",
        "ellipsis",
        "fastmap",
        "grDevices",
        "rlang",
        "utils"
      ],
      "Hash": "2d7b3857980e0e0d0a1fd6f11928ab0f"
    },
    "httr": {
      "Package": "httr",
      "Version": "1.4.7",
      "Source": "Repository",
      "Repository": "CRAN",
      "Requirements": [
        "R",
        "R6",
        "curl",
        "jsonlite",
        "mime",
        "openssl"
      ],
      "Hash": "ac107251d9d9fd72f0ca8049988f1d7f"
    },
    "jquerylib": {
      "Package": "jquerylib",
      "Version": "0.1.4",
      "Source": "Repository",
      "Repository": "CRAN",
      "Requirements": [
        "htmltools"
      ],
      "Hash": "5aab57a3bd297eee1c1d862735972182"
    },
    "jsonlite": {
      "Package": "jsonlite",
      "Version": "1.8.7",
      "Source": "Repository",
      "Repository": "CRAN",
      "Requirements": [
        "methods"
      ],
      "Hash": "266a20443ca13c65688b2116d5220f76"
    },
    "knitr": {
      "Package": "knitr",
      "Version": "1.45",
      "Source": "Repository",
      "Repository": "CRAN",
      "Requirements": [
        "R",
        "evaluate",
        "highr",
        "methods",
        "tools",
        "xfun",
        "yaml"
      ],
      "Hash": "1ec462871063897135c1bcbe0fc8f07d"
    },
    "lambda.r": {
      "Package": "lambda.r",
      "Version": "1.2.4",
      "Source": "Repository",
      "Repository": "CRAN",
      "Requirements": [
        "R",
        "formatR"
      ],
      "Hash": "b1e925c4b9ffeb901bacf812cbe9a6ad"
    },
    "lattice": {
      "Package": "lattice",
      "Version": "0.22-5",
      "Source": "Repository",
      "Repository": "CRAN",
      "Requirements": [
        "R",
        "grDevices",
        "graphics",
        "grid",
        "stats",
        "utils"
      ],
      "Hash": "7c5e89f04e72d6611c77451f6331a091"
    },
    "lifecycle": {
      "Package": "lifecycle",
      "Version": "1.0.4",
      "Source": "Repository",
      "Repository": "CRAN",
      "Requirements": [
        "R",
        "cli",
        "glue",
        "rlang"
      ],
      "Hash": "b8552d117e1b808b09a832f589b79035"
    },
    "magrittr": {
      "Package": "magrittr",
      "Version": "2.0.3",
      "Source": "Repository",
      "Repository": "CRAN",
      "Requirements": [
        "R"
      ],
      "Hash": "7ce2733a9826b3aeb1775d56fd305472"
    },
    "memoise": {
      "Package": "memoise",
      "Version": "2.0.1",
      "Source": "Repository",
      "Repository": "CRAN",
      "Requirements": [
        "cachem",
        "rlang"
      ],
      "Hash": "e2817ccf4a065c5d9d7f2cfbe7c1d78c"
    },
    "mime": {
      "Package": "mime",
      "Version": "0.12",
      "Source": "Repository",
      "Repository": "CRAN",
      "Requirements": [
        "tools"
      ],
      "Hash": "18e9c28c1d3ca1560ce30658b22ce104"
    },
    "openssl": {
      "Package": "openssl",
      "Version": "2.1.1",
      "Source": "Repository",
      "Repository": "CRAN",
      "Requirements": [
        "askpass"
      ],
      "Hash": "2a0dc8c6adfb6f032e4d4af82d258ab5"
    },
    "pillar": {
      "Package": "pillar",
      "Version": "1.9.0",
      "Source": "Repository",
      "Repository": "CRAN",
      "Requirements": [
        "cli",
        "fansi",
        "glue",
        "lifecycle",
        "rlang",
        "utf8",
        "utils",
        "vctrs"
      ],
      "Hash": "15da5a8412f317beeee6175fbc76f4bb"
    },
    "pkgconfig": {
      "Package": "pkgconfig",
      "Version": "2.0.3",
      "Source": "Repository",
      "Repository": "CRAN",
      "Requirements": [
        "utils"
      ],
      "Hash": "01f28d4278f15c76cddbea05899c5d6f"
    },
    "pkgdown": {
      "Package": "pkgdown",
      "Version": "2.0.7",
      "Source": "Repository",
      "Repository": "CRAN",
      "Requirements": [
        "R",
        "bslib",
        "callr",
        "cli",
        "desc",
        "digest",
        "downlit",
        "fs",
        "httr",
        "jsonlite",
        "magrittr",
        "memoise",
        "purrr",
        "ragg",
        "rlang",
        "rmarkdown",
        "tibble",
        "whisker",
        "withr",
        "xml2",
        "yaml"
      ],
      "Hash": "16fa15449c930bf3a7761d3c68f8abf9"
    },
    "prettyunits": {
      "Package": "prettyunits",
      "Version": "1.2.0",
      "Source": "Repository",
      "Repository": "CRAN",
      "Requirements": [
        "R"
      ],
      "Hash": "6b01fc98b1e86c4f705ce9dcfd2f57c7"
    },
    "processx": {
      "Package": "processx",
      "Version": "3.8.2",
      "Source": "Repository",
      "Repository": "CRAN",
      "Requirements": [
        "R",
        "R6",
        "ps",
        "utils"
      ],
      "Hash": "3efbd8ac1be0296a46c55387aeace0f3"
    },
    "progress": {
      "Package": "progress",
      "Version": "1.2.2",
      "Source": "Repository",
      "Repository": "CRAN",
      "Requirements": [
        "R6",
        "crayon",
        "hms",
        "prettyunits"
      ],
      "Hash": "14dc9f7a3c91ebb14ec5bb9208a07061"
    },
    "ps": {
      "Package": "ps",
      "Version": "1.7.5",
      "Source": "Repository",
      "Repository": "CRAN",
      "Requirements": [
        "R",
        "utils"
      ],
      "Hash": "709d852d33178db54b17c722e5b1e594"
    },
    "purrr": {
      "Package": "purrr",
      "Version": "1.0.2",
      "Source": "Repository",
      "Repository": "CRAN",
      "Requirements": [
        "R",
        "cli",
        "lifecycle",
        "magrittr",
        "rlang",
        "vctrs"
      ],
      "Hash": "1cba04a4e9414bdefc9dcaa99649a8dc"
    },
    "ragg": {
      "Package": "ragg",
      "Version": "1.2.6",
      "Source": "Repository",
      "Repository": "CRAN",
      "Requirements": [
        "systemfonts",
        "textshaping"
      ],
      "Hash": "6ba2fa8740abdc2cc148407836509901"
    },
    "rappdirs": {
      "Package": "rappdirs",
      "Version": "0.3.3",
      "Source": "Repository",
      "Repository": "CRAN",
      "Requirements": [
        "R"
      ],
      "Hash": "5e3c5dc0b071b21fa128676560dbe94d"
    },
    "renv": {
      "Package": "renv",
      "Version": "1.0.3",
      "Source": "Repository",
      "Repository": "CRAN",
      "Requirements": [
        "utils"
      ],
      "Hash": "41b847654f567341725473431dd0d5ab"
    },
    "rlang": {
      "Package": "rlang",
      "Version": "1.1.2",
      "Source": "Repository",
      "Repository": "CRAN",
      "Requirements": [
        "R",
        "utils"
      ],
      "Hash": "50a6dbdc522936ca35afc5e2082ea91b"
    },
    "rmarkdown": {
      "Package": "rmarkdown",
      "Version": "2.25",
      "Source": "Repository",
      "Repository": "CRAN",
      "Requirements": [
        "R",
        "bslib",
        "evaluate",
        "fontawesome",
        "htmltools",
        "jquerylib",
        "jsonlite",
        "knitr",
        "methods",
        "stringr",
        "tinytex",
        "tools",
        "utils",
        "xfun",
        "yaml"
      ],
      "Hash": "d65e35823c817f09f4de424fcdfa812a"
    },
    "rprojroot": {
      "Package": "rprojroot",
      "Version": "2.0.4",
      "Source": "Repository",
      "Repository": "CRAN",
      "Requirements": [
        "R"
      ],
      "Hash": "4c8415e0ec1e29f3f4f6fc108bef0144"
    },
    "sass": {
      "Package": "sass",
      "Version": "0.4.7",
      "Source": "Repository",
      "Repository": "CRAN",
      "Requirements": [
        "R6",
        "fs",
        "htmltools",
        "rappdirs",
        "rlang"
      ],
      "Hash": "6bd4d33b50ff927191ec9acbf52fd056"
    },
    "snow": {
      "Package": "snow",
      "Version": "0.4-4",
      "Source": "Repository",
      "Repository": "CRAN",
      "Requirements": [
        "R",
        "utils"
      ],
      "Hash": "40b74690debd20c57d93d8c246b305d4"
    },
    "stringi": {
      "Package": "stringi",
      "Version": "1.8.1",
      "Source": "Repository",
      "Repository": "CRAN",
      "Requirements": [
        "R",
        "stats",
        "tools",
        "utils"
      ],
      "Hash": "12bf57fdcb9b7068bea39b32f87ecac9"
    },
    "stringr": {
      "Package": "stringr",
      "Version": "1.5.1",
      "Source": "Repository",
      "Repository": "CRAN",
      "Requirements": [
        "R",
        "cli",
        "glue",
        "lifecycle",
        "magrittr",
        "rlang",
        "stringi",
        "vctrs"
      ],
      "Hash": "960e2ae9e09656611e0b8214ad543207"
    },
    "sys": {
      "Package": "sys",
      "Version": "3.4.2",
      "Source": "Repository",
      "Repository": "CRAN",
      "Hash": "3a1be13d68d47a8cd0bfd74739ca1555"
    },
    "systemfonts": {
      "Package": "systemfonts",
      "Version": "1.0.5",
      "Source": "Repository",
      "Repository": "CRAN",
      "Requirements": [
        "R",
        "cpp11"
      ],
      "Hash": "15b594369e70b975ba9f064295983499"
    },
    "textshaping": {
      "Package": "textshaping",
      "Version": "0.3.7",
      "Source": "Repository",
      "Repository": "CRAN",
      "Requirements": [
        "R",
        "cpp11",
        "systemfonts"
      ],
      "Hash": "997aac9ad649e0ef3b97f96cddd5622b"
    },
    "tibble": {
      "Package": "tibble",
      "Version": "3.2.1",
      "Source": "Repository",
      "Repository": "CRAN",
      "Requirements": [
        "R",
        "fansi",
        "lifecycle",
        "magrittr",
        "methods",
        "pillar",
        "pkgconfig",
        "rlang",
        "utils",
        "vctrs"
      ],
      "Hash": "a84e2cc86d07289b3b6f5069df7a004c"
    },
    "tidyr": {
      "Package": "tidyr",
      "Version": "1.3.0",
      "Source": "Repository",
      "Repository": "CRAN",
      "Requirements": [
        "R",
        "cli",
        "cpp11",
        "dplyr",
        "glue",
        "lifecycle",
        "magrittr",
        "purrr",
        "rlang",
        "stringr",
        "tibble",
        "tidyselect",
        "utils",
        "vctrs"
      ],
      "Hash": "e47debdc7ce599b070c8e78e8ac0cfcf"
    },
    "tidyselect": {
      "Package": "tidyselect",
      "Version": "1.2.0",
      "Source": "Repository",
      "Repository": "CRAN",
      "Requirements": [
        "R",
        "cli",
        "glue",
        "lifecycle",
        "rlang",
        "vctrs",
        "withr"
      ],
      "Hash": "79540e5fcd9e0435af547d885f184fd5"
    },
    "tinytex": {
      "Package": "tinytex",
      "Version": "0.48",
      "Source": "Repository",
      "Repository": "CRAN",
      "Requirements": [
        "xfun"
      ],
      "Hash": "8f96d229b7311beb32b94cf413b13f84"
    },
    "utf8": {
      "Package": "utf8",
      "Version": "1.2.4",
      "Source": "Repository",
      "Repository": "CRAN",
      "Requirements": [
        "R"
      ],
      "Hash": "62b65c52671e6665f803ff02954446e9"
    },
    "vctrs": {
      "Package": "vctrs",
      "Version": "0.6.4",
      "Source": "Repository",
      "Repository": "CRAN",
      "Requirements": [
        "R",
        "cli",
        "glue",
        "lifecycle",
        "rlang"
      ],
      "Hash": "266c1ca411266ba8f365fcc726444b87"
    },
    "whisker": {
      "Package": "whisker",
      "Version": "0.4.1",
      "Source": "Repository",
      "Repository": "CRAN",
      "Hash": "c6abfa47a46d281a7d5159d0a8891e88"
    },
    "withr": {
      "Package": "withr",
      "Version": "2.5.2",
      "Source": "Repository",
      "Repository": "CRAN",
      "Requirements": [
        "R",
        "grDevices",
        "graphics",
        "stats"
      ],
      "Hash": "4b25e70111b7d644322e9513f403a272"
    },
    "xfun": {
      "Package": "xfun",
      "Version": "0.41",
      "Source": "Repository",
      "Repository": "CRAN",
      "Requirements": [
        "stats",
        "tools"
      ],
      "Hash": "460a5e0fe46a80ef87424ad216028014"
    },
    "xml2": {
      "Package": "xml2",
      "Version": "1.3.5",
      "Source": "Repository",
      "Repository": "CRAN",
      "Requirements": [
        "R",
        "methods"
      ],
      "Hash": "6c40e5cfcc6aefd88110666e18c31f40"
    },
    "yaml": {
      "Package": "yaml",
      "Version": "2.3.7",
      "Source": "Repository",
      "Repository": "CRAN",
      "Hash": "0d0056cc5383fbc240ccd0cb584bf436"
    },
    "zlibbioc": {
      "Package": "zlibbioc",
      "Version": "1.44.0",
      "Source": "Bioconductor",
      "Hash": "6f578730acbdfc7ce2ca49df29bb5352"
    }
  }
}
